{"SurveyEntry":{"SurveyID":"SV_3HK9Rx5rUugGZ4q","SurveyName":"Caremometer Screener","SurveyDescription":null,"SurveyOwnerID":"UR_8qseAKvjkLkDD94","SurveyBrandID":"gse","DivisionID":null,"SurveyLanguage":"EN","SurveyActiveResponseSet":"RS_cUTxfhlJyLBwdIG","SurveyStatus":"Active","SurveyStartDate":"0000-00-00 00:00:00","SurveyExpirationDate":"0000-00-00 00:00:00","SurveyCreationDate":"2024-12-19 11:01:58","CreatorID":"UR_8qseAKvjkLkDD94","LastModified":"2026-04-01 17:18:34","LastAccessed":"0000-00-00 00:00:00","LastActivated":"2025-10-09 18:33:04","Deleted":null},"SurveyElements":[{"SurveyID":"SV_3HK9Rx5rUugGZ4q","Element":"BL","PrimaryAttribute":"Survey Blocks","SecondaryAttribute":null,"TertiaryAttribute":null,"Payload":{"1":{"Type":"Trash","Description":"Trash \/ Unused Questions","ID":"BL_eyBMApGHSXdJoJE","BlockElements":[{"Type":"Question","QuestionID":"QID3"},{"Type":"Question","QuestionID":"QID1"},{"Type":"Question","QuestionID":"QID2"},{"Type":"Question","QuestionID":"QID5"},{"Type":"Question","QuestionID":"QID6"},{"Type":"Question","QuestionID":"QID4"}],"Options":{"BlockLocking":"false","RandomizeQuestions":"false","BlockVisibility":"Collapsed"}},"2":{"Type":"Standard","SubType":"","Description":"Block1","ID":"BL_ezg9nGXYPDovax8","BlockElements":[{"Type":"Question","QuestionID":"QID12"},{"Type":"Question","QuestionID":"QID7"},{"Type":"Question","QuestionID":"QID8"},{"Type":"Question","QuestionID":"QID9"},{"Type":"Question","QuestionID":"QID10"},{"Type":"Question","QuestionID":"QID11"}]}}},{"SurveyID":"SV_3HK9Rx5rUugGZ4q","Element":"FL","PrimaryAttribute":"Survey Flow","SecondaryAttribute":null,"TertiaryAttribute":null,"Payload":{"Type":"Root","FlowID":"FL_1","Flow":[{"Type":"Standard","ID":"BL_ezg9nGXYPDovax8","FlowID":"FL_5","Autofill":[]}],"Properties":{"Count":5}}},{"SurveyID":"SV_3HK9Rx5rUugGZ4q","Element":"PL","PrimaryAttribute":"Preview Link","SecondaryAttribute":null,"TertiaryAttribute":null,"Payload":{"PreviewType":"Brand","PreviewID":"7be7e00e-e35c-449f-9c41-6bc1faecc555"}},{"SurveyID":"SV_3HK9Rx5rUugGZ4q","Element":"PROJ","PrimaryAttribute":"CORE","SecondaryAttribute":null,"TertiaryAttribute":"1.1.0","Payload":{"ProjectCategory":"CORE","SchemaVersion":"1.1.0"}},{"SurveyID":"SV_3HK9Rx5rUugGZ4q","Element":"QC","PrimaryAttribute":"Survey Question Count","SecondaryAttribute":"12","TertiaryAttribute":null,"Payload":null},{"SurveyID":"SV_3HK9Rx5rUugGZ4q","Element":"QG","PrimaryAttribute":"QG_zBmxOwbepRo29UE","SecondaryAttribute":"Default Quota Group","TertiaryAttribute":null,"Payload":{"ID":"QG_zBmxOwbepRo29UE","Name":"Default Quota Group","Selected":true,"MultipleMatch":"PlaceInAll","Public":false,"Quotas":[]}},{"SurveyID":"SV_3HK9Rx5rUugGZ4q","Element":"QGO","PrimaryAttribute":"QGO_QuotaGroupOrder","SecondaryAttribute":null,"TertiaryAttribute":null,"Payload":["QG_zBmxOwbepRo29UE"]},{"SurveyID":"SV_3HK9Rx5rUugGZ4q","Element":"RS","PrimaryAttribute":"RS_cUTxfhlJyLBwdIG","SecondaryAttribute":"Default Response Set","TertiaryAttribute":null,"Payload":null},{"SurveyID":"SV_3HK9Rx5rUugGZ4q","Element":"SCO","PrimaryAttribute":"Scoring","SecondaryAttribute":null,"TertiaryAttribute":null,"Payload":{"ScoringCategories":[],"ScoringCategoryGroups":[],"ScoringSummaryCategory":null,"ScoringSummaryAfterQuestions":0,"ScoringSummaryAfterSurvey":0,"DefaultScoringCategory":null,"AutoScoringCategory":null}},{"SurveyID":"SV_3HK9Rx5rUugGZ4q","Element":"SO","PrimaryAttribute":"Survey Options","SecondaryAttribute":null,"TertiaryAttribute":null,"Payload":{"BackButton":"false","SaveAndContinue":"true","SurveyProtection":"PublicSurvey","BallotBoxStuffingPrevention":"false","NoIndex":"Yes","SecureResponseFiles":"true","SurveyExpiration":"None","SurveyTermination":"DefaultMessage","Header":"","Footer":"","ProgressBarDisplay":"None","PartialData":"+1 week","ValidationMessage":"","PreviousButton":"","NextButton":"","SurveyTitle":"Qualtrics Survey | Qualtrics Experience Management","SkinLibrary":"gse","SkinType":"templated","Skin":{"brandingId":"73341743","templateId":"*base","overrides":null},"NewScoring":1,"SurveyMetaDescription":"The most powerful, simple and trusted way to gather experience data. Start your journey to experience management and try a free account today.","SurveyName":"Caremometer Screener","ProtectSelectionIds":true}},{"SurveyID":"SV_3HK9Rx5rUugGZ4q","Element":"SQ","PrimaryAttribute":"QID1","SecondaryAttribute":"Click to write the question text","TertiaryAttribute":null,"Payload":{"QuestionText":"Click to write the question text","DataExportTag":"Q1","QuestionType":"MC","Selector":"SAVR","SubSelector":"TX","DataVisibility":{"Private":false,"Hidden":false},"Configuration":{"QuestionDescriptionOption":"UseText"},"QuestionDescription":"Click to write the question text","Choices":{"1":{"Display":"Click to write Choice 1"},"2":{"Display":"Click to write Choice 2"},"3":{"Display":"Click to write Choice 3"}},"ChoiceOrder":["1","2","3"],"Validation":{"Settings":{"ForceResponse":"OFF","Type":"None"}},"Language":[],"NextChoiceId":4,"NextAnswerId":1,"QuestionID":"QID1"}},{"SurveyID":"SV_3HK9Rx5rUugGZ4q","Element":"SQ","PrimaryAttribute":"QID10","SecondaryAttribute":"Are you comfortable completing this study in English?","TertiaryAttribute":null,"Payload":{"QuestionText":"Are you comfortable completing this study in English?<b><\/b>","DefaultChoices":false,"DataExportTag":"scre_eng","QuestionType":"MC","Selector":"SAVR","SubSelector":"TX","DataVisibility":{"Private":false,"Hidden":false},"Configuration":{"QuestionDescriptionOption":"UseText"},"QuestionDescription":"Are you comfortable completing this study in English?","Choices":{"1":{"Display":"Yes"},"2":{"Display":"No"},"3":{"Display":"Click to write Choice 3"}},"ChoiceOrder":["1","2","3"],"Validation":{"Settings":{"ForceResponse":"OFF","Type":"None"}},"GradingData":[],"Language":[],"NextChoiceId":4,"NextAnswerId":1,"QuestionID":"QID10"}},{"SurveyID":"SV_3HK9Rx5rUugGZ4q","Element":"SQ","PrimaryAttribute":"QID11","SecondaryAttribute":"Do you currently live in the United States?","TertiaryAttribute":null,"Payload":{"QuestionText":"Do you currently live in the United States?","DefaultChoices":false,"DataExportTag":"scre_liveus","QuestionType":"MC","Selector":"SAVR","SubSelector":"TX","DataVisibility":{"Private":false,"Hidden":false},"Configuration":{"QuestionDescriptionOption":"UseText"},"QuestionDescription":"Do you currently live in the United States?","Choices":{"1":{"Display":"Yes"},"2":{"Display":"No"},"3":{"Display":"Click to write Choice 3"}},"ChoiceOrder":["1","2","3"],"Validation":{"Settings":{"ForceResponse":"OFF","Type":"None"}},"GradingData":[],"Language":[],"NextChoiceId":4,"NextAnswerId":1,"QuestionID":"QID11"}},{"SurveyID":"SV_3HK9Rx5rUugGZ4q","Element":"SQ","PrimaryAttribute":"QID12","SecondaryAttribute":"Please answer all questions below to check your eligibility to the Caremometer study. If you are...","TertiaryAttribute":null,"Payload":{"QuestionText":"Please answer all questions below to check your eligibility to the Caremometer study. If you are not eligible, we will not save any of your data.&nbsp;","DefaultChoices":false,"DataExportTag":"scre_text","QuestionType":"DB","Selector":"TB","DataVisibility":{"Private":false,"Hidden":false},"Configuration":{"QuestionDescriptionOption":"UseText"},"QuestionDescription":"Please answer all questions below to check your eligibility to the Caremometer study. If you are...","ChoiceOrder":[],"Validation":{"Settings":{"Type":"None"}},"GradingData":[],"Language":[],"NextChoiceId":4,"NextAnswerId":1,"QuestionID":"QID12"}},{"SurveyID":"SV_3HK9Rx5rUugGZ4q","Element":"SQ","PrimaryAttribute":"QID2","SecondaryAttribute":"Click to write the question text","TertiaryAttribute":null,"Payload":{"QuestionText":"Click to write the question text","DefaultChoices":false,"DataExportTag":"Q2","QuestionType":"PGR","Selector":"DragAndDrop","SubSelector":"NoColumns","DataVisibility":{"Private":false,"Hidden":false},"Configuration":{"QuestionDescriptionOption":"UseText","Stack":false,"StackItemsInGroups":false},"QuestionDescription":"Click to write the question text","Choices":{"1":{"Display":"Click to write Item 1"},"2":{"Display":"Click to write Item 2"},"3":{"Display":"Click to write Item 3"}},"ChoiceOrder":["1","2","3"],"Validation":{"Settings":{"ForceResponse":"OFF","Type":"None"}},"GradingData":[],"Language":[],"NextChoiceId":4,"NextAnswerId":4,"Groups":["Click to write Group 1","Click to write Group 2","Click to write Group 3"],"NumberOfGroups":3,"QuestionID":"QID2"}},{"SurveyID":"SV_3HK9Rx5rUugGZ4q","Element":"SQ","PrimaryAttribute":"QID3","SecondaryAttribute":"Click to write the question text","TertiaryAttribute":null,"Payload":{"QuestionText":"Click to write the question text","DefaultChoices":false,"DataExportTag":"Q3","QuestionID":"QID3","QuestionType":"MC","Selector":"DL","DataVisibility":{"Private":false,"Hidden":false},"Configuration":{"QuestionDescriptionOption":"UseText","TextPosition":"inline"},"QuestionDescription":"Click to write the question text","Choices":{"1":{"Display":"Click to write Statement 1:Right","ExclusiveAnswer":false},"2":{"Display":"Click to write Statement 2:Right","ExclusiveAnswer":false},"3":{"Display":"Click to write Statement 3:Right","ExclusiveAnswer":false},"4":{"Display":"Click to write Statement 4:Right","ExclusiveAnswer":false},"5":{"Display":"Click to write Statement 5:Right","ExclusiveAnswer":false},"6":{"Display":"Click to write Statement 6:Right","ExclusiveAnswer":false},"7":{"Display":"Click to write Statement 7:Right","ExclusiveAnswer":false},"8":{"Display":"Click to write Statement 8:Right","ExclusiveAnswer":false},"9":{"Display":"Click to write Statement 9:Right","ExclusiveAnswer":false},"10":{"Display":"Click to write Statement 10:Right","ExclusiveAnswer":false},"11":{"Display":"Click to write Statement 11:Right","ExclusiveAnswer":false},"12":{"Display":"Click to write Statement 12:Right","ExclusiveAnswer":false},"13":{"Display":"Click to write Statement 13:Right","ExclusiveAnswer":false},"14":{"Display":"Click to write Statement 14:Right","ExclusiveAnswer":false},"15":{"Display":"Click to write Statement 15:Right","ExclusiveAnswer":false},"16":{"Display":"Click to write Statement 16:Right","ExclusiveAnswer":false},"17":{"Display":"Click to write Statement 17:Right","ExclusiveAnswer":false},"18":{"Display":"Click to write Statement 18:Right","ExclusiveAnswer":false},"19":{"Display":"Click to write Statement 19:Right","ExclusiveAnswer":false},"20":{"Display":"Click to write Statement 20:Right","ExclusiveAnswer":false},"21":{"Display":"Click to write Statement 21:Right","ExclusiveAnswer":false},"22":{"Display":"Click to write Statement 22:Right","ExclusiveAnswer":false},"23":{"Display":"Click to write Statement 23:Right","ExclusiveAnswer":false},"24":{"Display":"Click to write Statement 24:Right","ExclusiveAnswer":false}},"ChoiceOrder":[1,2,3,4,5,6,7,8,9,10,11,12,13,14,15,16,17,18,19,20,21,22,23,24],"Validation":{"Settings":{"ForceResponse":"OFF","Type":"None"}},"GradingData":[],"Language":[],"NextChoiceId":25,"NextAnswerId":3,"ChoiceGroups":{"cg_1":{"ChoiceGroupOrder":null,"GroupLabel":"Group","Options":{"Selection":"SAWithinQuestion"}},"cg_2":{"ChoiceGroupOrder":null,"GroupLabel":"Group","Options":{"Selection":"SAWithinQuestion"}}},"ChoiceGroupOrder":[1,2,3,4,5,6,7,8,9,10,11,12,13,14,15,16,17,18,19,20,21,22,23,24,"cg_1","cg_2"]}},{"SurveyID":"SV_3HK9Rx5rUugGZ4q","Element":"SQ","PrimaryAttribute":"QID4","SecondaryAttribute":"What childcare arrangements do you use?","TertiaryAttribute":null,"Payload":{"QuestionText":"What childcare arrangements do you use?","DefaultChoices":false,"DataExportTag":"QID1","QuestionID":"QID4","QuestionType":"TE","Selector":"FORM","DataVisibility":{"Private":false,"Hidden":false},"Configuration":{"QuestionDescriptionOption":"UseText","TextPosition":"inline"},"QuestionDescription":"What childcare arrangements do you use?","Choices":{"1":{"Display":"Click to write Form Field 1"},"2":{"Display":"Click to write Form Field 2","DisplayLogic":{"0":{"0":{"ChoiceLocator":"q:\/\/QID4\/ChoiceTextEntryValue\/1","Description":"<span class=\"ConjDesc\">If<\/span> <span class=\"QuestionDesc\">What childcare arrangements do you use?<\/span> <span class=\"LeftOpDesc\">Text Response<\/span> <span class=\"OpDesc\">Is Not Empty<\/span> ","LeftOperand":"q:\/\/QID4\/ChoiceTextEntryValue\/1","LogicType":"Question","Operator":"NotEmpty","QuestionID":"QID4","QuestionIDFromLocator":"QID4","QuestionIsInLoop":"no","Type":"Expression"},"Type":"If"},"Type":"BooleanExpression","inPage":false}},"3":{"Display":"Click to write Form Field 3","DisplayLogic":{"0":{"0":{"ChoiceLocator":"q:\/\/QID4\/ChoiceTextEntryValue\/2","Description":"<span class=\"ConjDesc\">If<\/span> <span class=\"QuestionDesc\">What childcare arrangements do you use?<\/span> <span class=\"LeftOpDesc\">Text Response<\/span> <span class=\"OpDesc\">Is Not Empty<\/span> ","LeftOperand":"q:\/\/QID4\/ChoiceTextEntryValue\/2","LogicType":"Question","Operator":"NotEmpty","QuestionID":"QID4","QuestionIDFromLocator":"QID4","QuestionIsInLoop":"no","Type":"Expression"},"Type":"If"},"Type":"BooleanExpression","inPage":false}}},"ChoiceOrder":[1,2,3],"Validation":{"Settings":{"ForceResponse":"OFF","ForceResponseType":"ON","Type":"None"}},"GradingData":[],"Language":[],"NextChoiceId":8,"NextAnswerId":4,"SearchSource":{"AllowFreeResponse":"false"},"DynamicChoicesData":[]}},{"SurveyID":"SV_3HK9Rx5rUugGZ4q","Element":"SQ","PrimaryAttribute":"QID5","SecondaryAttribute":"#childcare-calendar-container { font-family: Arial, sans-serif; max-width: 1200px; margin: 0 aut...","TertiaryAttribute":null,"Payload":{"QuestionText":"&lt;div&gt;\r\n    \r\n        #childcare-calendar-container {\r\n            font-family: Arial, sans-serif;\r\n            max-width: 1200px;\r\n            margin: 0 auto;\r\n            background: white;\r\n            padding: 20px;\r\n            border-radius: 8px;\r\n            box-shadow: 0 2px 10px rgba(0,0,0,0.1);\r\n        }\r\n\r\n        .calendar-header {\r\n            text-align: center;\r\n            margin-bottom: 20px;\r\n        }\r\n\r\n        .calendar-header h2 {\r\n            color: #333;\r\n            margin-bottom: 10px;\r\n        }\r\n\r\n        .instructions {\r\n            background-color: #e8f4fd;\r\n            padding: 15px;\r\n            border-radius: 5px;\r\n            margin-bottom: 20px;\r\n            border-left: 4px solid #2196F3;\r\n        }\r\n\r\n        .provider-palette {\r\n            margin-bottom: 20px;\r\n            padding: 15px;\r\n            background-color: #f9f9f9;\r\n            border-radius: 5px;\r\n        }\r\n\r\n        .provider-palette h3 {\r\n            margin-top: 0;\r\n            color: #333;\r\n        }\r\n\r\n        .provider-buttons {\r\n            display: flex;\r\n            flex-wrap: wrap;\r\n            gap: 10px;\r\n        }\r\n\r\n        .provider-btn {\r\n            padding: 8px 16px;\r\n            border: 2px solid #ddd;\r\n            border-radius: 5px;\r\n            cursor: pointer;\r\n            background: white;\r\n            transition: all 0.2s;\r\n            font-size: 14px;\r\n        }\r\n\r\n        .provider-btn:hover {\r\n            transform: translateY(-1px);\r\n            box-shadow: 0 2px 5px rgba(0,0,0,0.2);\r\n        }\r\n\r\n        .provider-btn.active {\r\n            border-color: #333;\r\n            font-weight: bold;\r\n        }\r\n\r\n        .eraser-btn {\r\n            background-color: #ff6b6b !important;\r\n            color: white;\r\n            border-color: #ff6b6b !important;\r\n        }\r\n\r\n        .calendar-grid {\r\n            border-collapse: collapse;\r\n            width: 100%;\r\n            margin-bottom: 20px;\r\n            font-size: 12px;\r\n        }\r\n\r\n        .calendar-grid th,\r\n        .calendar-grid td {\r\n            border: 1px solid #ddd;\r\n            text-align: center;\r\n            padding: 0;\r\n            width: 14.28%;\r\n        }\r\n\r\n        .calendar-grid th {\r\n            background-color: #f8f9fa;\r\n            padding: 10px;\r\n            font-weight: bold;\r\n            color: #333;\r\n        }\r\n\r\n        .time-label {\r\n            background-color: #f8f9fa !important;\r\n            font-weight: bold;\r\n            padding: 8px !important;\r\n            width: 80px !important;\r\n            min-width: 80px;\r\n        }\r\n\r\n        .time-slot {\r\n            height: 30px;\r\n            cursor: pointer;\r\n            transition: all 0.1s;\r\n            user-select: none;\r\n            position: relative;\r\n        }\r\n\r\n        .time-slot:hover {\r\n            opacity: 0.8;\r\n            transform: scale(1.05);\r\n        }\r\n\r\n        .time-slot.unassigned {\r\n            background-color: #ffffff;\r\n        }\r\n\r\n        .controls {\r\n            text-align: center;\r\n            margin-top: 20px;\r\n        }\r\n\r\n        .control-btn {\r\n            padding: 10px 20px;\r\n            margin: 0 10px;\r\n            border: none;\r\n            border-radius: 5px;\r\n            cursor: pointer;\r\n            font-size: 16px;\r\n            transition: all 0.2s;\r\n        }\r\n\r\n        .clear-btn {\r\n            background-color: #ff6b6b;\r\n            color: white;\r\n        }\r\n\r\n        .clear-btn:hover {\r\n            background-color: #ff5252;\r\n        }\r\n\r\n        .progress-info {\r\n            margin-top: 15px;\r\n            padding: 10px;\r\n            background-color: #f0f8ff;\r\n            border-radius: 5px;\r\n            text-align: center;\r\n        }\r\n\r\n        .progress-bar {\r\n            width: 100%;\r\n            height: 20px;\r\n            background-color: #e0e0e0;\r\n            border-radius: 10px;\r\n            overflow: hidden;\r\n            margin: 10px 0;\r\n        }\r\n\r\n        .progress-fill {\r\n            height: 100%;\r\n            background-color: #4CAF50;\r\n            transition: width 0.3s ease;\r\n            width: 0%;\r\n        }\r\n\r\n        .validation-message {\r\n            background-color: #fff3cd;\r\n            border: 1px solid #ffeaa7;\r\n            color: #856404;\r\n            padding: 10px;\r\n            border-radius: 5px;\r\n            margin-top: 10px;\r\n            display: none;\r\n        }\r\n\r\n        \/* Provider colors *\/\r\n        .provider-daycare { background-color: #FFE0B2; }\r\n        .provider-family { background-color: #C8E6C9; }\r\n        .provider-nanny { background-color: #F8BBD9; }\r\n        .provider-parent { background-color: #BBDEFB; }\r\n        .provider-other { background-color: #E1BEE7; }\r\n    \r\n\r\n    &lt;div&gt;\r\n        Weekly Childcare Schedule\r\n        &lt;p&gt;Please indicate where your child was during each hour of the past week.&lt;\/p&gt;\r\n    &lt;\/div&gt;\r\n\r\n    &lt;div&gt;\r\n        &lt;strong&gt;Instructions:&lt;\/strong&gt;\r\n        \r\n            First, select a childcare provider from the palette below\r\n            Click and drag on the calendar to \"paint\" the time slots when your child was with that provider\r\n            Use the eraser to remove assignments\r\n            Fill in ALL time slots before proceeding to the next question\r\n        \r\n    &lt;\/div&gt;\r\n\r\n    &lt;div&gt;\r\n        Select Childcare Provider:\r\n        &lt;div&gt;\r\n            \r\n        &lt;\/div&gt;\r\n    &lt;\/div&gt;\r\n\r\n    &lt;table class='UserTable'&gt;\r\n        &lt;th&gt;\r\n            &lt;tr&gt;\r\n                &lt;th&gt;Time&lt;\/th&gt;\r\n                &lt;th&gt;Monday&lt;\/th&gt;\r\n                &lt;th&gt;Tuesday&lt;\/th&gt;\r\n                &lt;th&gt;Wednesday&lt;\/th&gt;\r\n                &lt;th&gt;Thursday&lt;\/th&gt;\r\n                &lt;th&gt;Friday&lt;\/th&gt;\r\n                &lt;th&gt;Saturday&lt;\/th&gt;\r\n                &lt;th&gt;Sunday&lt;\/th&gt;\r\n            &lt;\/tr&gt;\r\n        \r\n        \r\n            \r\n        \r\n    &lt;\/table&gt;\r\n\r\n    &lt;div&gt;\r\n        &lt;div&gt;Progress: &lt;span id=\"progressText\"&gt;0 of 119 time slots filled&lt;\/span&gt;&lt;\/div&gt;\r\n        &lt;div&gt;\r\n            &lt;div&gt;&lt;\/div&gt;\r\n        &lt;\/div&gt;\r\n    &lt;\/div&gt;\r\n\r\n    &lt;div&gt;\r\n        Please fill in all time slots before proceeding to the next question.\r\n    &lt;\/div&gt;\r\n\r\n    &lt;div&gt;\r\n        &lt;strong&gt;Clear All\r\n    &lt;\/div&gt;\r\n&lt;\/div&gt;\r\n\r\n\r\n\/\/ Qualtrics JavaScript for Childcare Calendar\r\nQualtrics.SurveyEngine.addOnload(function() {\r\n    \/\/ Configuration\r\n    const HOURS = [\r\n        '06:00', '07:00', '08:00', '09:00', '10:00', '11:00',\r\n        '12:00', '13:00', '14:00', '15:00', '16:00', '17:00',\r\n        '18:00', '19:00', '20:00', '21:00', '22:00'\r\n    ];\r\n\r\n    const DAYS = ['monday', 'tuesday', 'wednesday', 'thursday', 'friday', 'saturday', 'sunday'];\r\n    const DAY_LABELS = ['Monday', 'Tuesday', 'Wednesday', 'Thursday', 'Friday', 'Saturday', 'Sunday'];\r\n\r\n    \/\/ Default providers - can be customized based on previous questions\r\n    const DEFAULT_PROVIDERS = [\r\n        { id: 'daycare', name: 'Daycare\/Preschool', color: '#FFE0B2', class: 'provider-daycare' },\r\n        { id: 'family', name: 'Family Member', color: '#C8E6C9', class: 'provider-family' },\r\n        { id: 'nanny', name: 'Nanny\/Babysitter', color: '#F8BBD9', class: 'provider-nanny' },\r\n        { id: 'parent', name: 'Parent\/Guardian', color: '#BBDEFB', class: 'provider-parent' },\r\n        { id: 'other', name: 'Other', color: '#E1BEE7', class: 'provider-other' }\r\n    ];\r\n\r\n    \/\/ Global state\r\n    let providers = [...DEFAULT_PROVIDERS];\r\n    let activeProvider = null;\r\n    let isMouseDown = false;\r\n    let calendarData = {};\r\n    let totalSlots = HOURS.length * DAYS.length;\r\n\r\n    \/\/ Initialize calendar data structure\r\n    function initializeCalendarData() {\r\n        calendarData = {};\r\n        DAYS.forEach(day =&gt; {\r\n            calendarData[day] = {};\r\n            HOURS.forEach(hour =&gt; {\r\n                calendarData[day][hour] = null;\r\n            });\r\n        });\r\n    }\r\n\r\n    \/\/ Generate provider buttons\r\n    function generateProviderButtons() {\r\n        const container = document.getElementById('providerButtons');\r\n        container.innerHTML = '';\r\n\r\n        providers.forEach(provider =&gt; {\r\n            const button = document.createElement('button');\r\n            button.className = 'provider-btn';\r\n            button.style.backgroundColor = provider.color;\r\n            button.textContent = provider.name;\r\n            button.onclick = () =&gt; selectProvider(provider.id);\r\n            button.id = `provider-${provider.id}`;\r\n            container.appendChild(button);\r\n        });\r\n\r\n        \/\/ Add eraser button\r\n        const eraserBtn = document.createElement('button');\r\n        eraserBtn.className = 'provider-btn eraser-btn';\r\n        eraserBtn.textContent = 'Eraser';\r\n        eraserBtn.onclick = () =&gt; selectProvider('eraser');\r\n        eraserBtn.id = 'provider-eraser';\r\n        container.appendChild(eraserBtn);\r\n    }\r\n\r\n    \/\/ Generate calendar grid\r\n    function generateCalendarGrid() {\r\n        const tbody = document.getElementById('calendarBody');\r\n        tbody.innerHTML = '';\r\n\r\n        HOURS.forEach(hour =&gt; {\r\n            const row = document.createElement('tr');\r\n            \r\n            \/\/ Time label\r\n            const timeCell = document.createElement('td');\r\n            timeCell.className = 'time-label';\r\n            timeCell.textContent = hour;\r\n            row.appendChild(timeCell);\r\n\r\n            \/\/ Day cells\r\n            DAYS.forEach(day =&gt; {\r\n                const cell = document.createElement('td');\r\n                cell.className = 'time-slot unassigned';\r\n                cell.id = `${day}-${hour}`;\r\n                cell.dataset.day = day;\r\n                cell.dataset.hour = hour;\r\n                \r\n                \/\/ Mouse events for painting\r\n                cell.addEventListener('mousedown', handleMouseDown);\r\n                cell.addEventListener('mouseover', handleMouseOver);\r\n                cell.addEventListener('mouseup', handleMouseUp);\r\n                \r\n                row.appendChild(cell);\r\n            });\r\n\r\n            tbody.appendChild(row);\r\n        });\r\n    }\r\n\r\n    \/\/ Select provider\r\n    function selectProvider(providerId) {\r\n        \/\/ Remove active class from all buttons\r\n        document.querySelectorAll('.provider-btn').forEach(btn =&gt; {\r\n            btn.classList.remove('active');\r\n        });\r\n\r\n        \/\/ Add active class to selected button\r\n        const selectedBtn = document.getElementById(`provider-${providerId}`);\r\n        if (selectedBtn) {\r\n            selectedBtn.classList.add('active');\r\n        }\r\n\r\n        activeProvider = providerId;\r\n    }\r\n\r\n    \/\/ Mouse event handlers\r\n    function handleMouseDown(event) {\r\n        event.preventDefault();\r\n        if (!activeProvider) {\r\n            alert('Please select a childcare provider first!');\r\n            return;\r\n        }\r\n        \r\n        isMouseDown = true;\r\n        paintCell(event.target);\r\n    }\r\n\r\n    function handleMouseOver(event) {\r\n        if (isMouseDown) {\r\n            paintCell(event.target);\r\n        }\r\n    }\r\n\r\n    function handleMouseUp(event) {\r\n        isMouseDown = false;\r\n    }\r\n\r\n    \/\/ Paint cell with active provider\r\n    function paintCell(cell) {\r\n        if (!cell.dataset.day || !cell.dataset.hour) return;\r\n\r\n        const day = cell.dataset.day;\r\n        const hour = cell.dataset.hour;\r\n\r\n        \/\/ Remove all provider classes\r\n        providers.forEach(provider =&gt; {\r\n            cell.classList.remove(provider.class);\r\n        });\r\n        cell.classList.remove('unassigned');\r\n\r\n        if (activeProvider === 'eraser') {\r\n            \/\/ Erase the cell\r\n            cell.classList.add('unassigned');\r\n            calendarData[day][hour] = null;\r\n        } else {\r\n            \/\/ Paint with selected provider\r\n            const provider = providers.find(p =&gt; p.id === activeProvider);\r\n            if (provider) {\r\n                cell.classList.add(provider.class);\r\n                calendarData[day][hour] = activeProvider;\r\n            }\r\n        }\r\n\r\n        updateProgress();\r\n        updateQualtricsData();\r\n    }\r\n\r\n    \/\/ Update progress indicator\r\n    function updateProgress() {\r\n        let filledSlots = 0;\r\n        DAYS.forEach(day =&gt; {\r\n            HOURS.forEach(hour =&gt; {\r\n                if (calendarData[day][hour] !== null) {\r\n                    filledSlots++;\r\n                }\r\n            });\r\n        });\r\n\r\n        const percentage = (filledSlots \/ totalSlots) * 100;\r\n        document.getElementById('progressText').textContent = `${filledSlots} of ${totalSlots} time slots filled`;\r\n        document.getElementById('progressFill').style.width = `${percentage}%`;\r\n    }\r\n\r\n    \/\/ Update Qualtrics embedded data\r\n    function updateQualtricsData() {\r\n        const output = {\r\n            timestamp: new Date().toISOString(),\r\n            providers: providers,\r\n            schedule: calendarData,\r\n            summary: generateSummary()\r\n        };\r\n\r\n        \/\/ Set embedded data in Qualtrics\r\n        Qualtrics.SurveyEngine.setEmbeddedData('childcareSchedule', JSON.stringify(output));\r\n        Qualtrics.SurveyEngine.setEmbeddedData('childcareScheduleComplete', isCalendarComplete());\r\n    }\r\n\r\n    \/\/ Clear all assignments\r\n    window.clearAllCalendar = function() {\r\n        if (confirm('Are you sure you want to clear all assignments?')) {\r\n            initializeCalendarData();\r\n            \r\n            \/\/ Reset all cells to unassigned\r\n            document.querySelectorAll('.time-slot').forEach(cell =&gt; {\r\n                providers.forEach(provider =&gt; {\r\n                    cell.classList.remove(provider.class);\r\n                });\r\n                cell.classList.add('unassigned');\r\n            });\r\n\r\n            updateProgress();\r\n            updateQualtricsData();\r\n        }\r\n    }\r\n\r\n    \/\/ Generate summary statistics\r\n    function generateSummary() {\r\n        const summary = {};\r\n        providers.forEach(provider =&gt; {\r\n            summary[provider.id] = 0;\r\n        });\r\n\r\n        DAYS.forEach(day =&gt; {\r\n            HOURS.forEach(hour =&gt; {\r\n                const providerId = calendarData[day][hour];\r\n                if (providerId &amp;&amp; summary.hasOwnProperty(providerId)) {\r\n                    summary[providerId]++;\r\n                }\r\n            });\r\n        });\r\n\r\n        return summary;\r\n    }\r\n\r\n    \/\/ Function to validate completion\r\n    function isCalendarComplete() {\r\n        let filledSlots = 0;\r\n        DAYS.forEach(day =&gt; {\r\n            HOURS.forEach(hour =&gt; {\r\n                if (calendarData[day][hour] !== null) {\r\n                    filledSlots++;\r\n                }\r\n            });\r\n        });\r\n        return filledSlots === totalSlots;\r\n    }\r\n\r\n    \/\/ Prevent context menu on calendar\r\n    document.addEventListener('contextmenu', function(e) {\r\n        if (e.target.classList.contains('time-slot')) {\r\n            e.preventDefault();\r\n        }\r\n    });\r\n\r\n    \/\/ Prevent text selection during painting\r\n    document.addEventListener('selectstart', function(e) {\r\n        if (e.target.classList.contains('time-slot')) {\r\n            e.preventDefault();\r\n        }\r\n    });\r\n\r\n    \/\/ Global mouse up handler to stop painting\r\n    document.addEventListener('mouseup', function() {\r\n        isMouseDown = false;\r\n    });\r\n\r\n    \/\/ Initialize the calendar\r\n    function initializeCalendar() {\r\n        initializeCalendarData();\r\n        generateProviderButtons();\r\n        generateCalendarGrid();\r\n        updateProgress();\r\n        \r\n        \/\/ Auto-select first provider\r\n        selectProvider(providers[0].id);\r\n        \r\n        \/\/ Initial data update\r\n        updateQualtricsData();\r\n    }\r\n\r\n    \/\/ Initialize when page loads\r\n    initializeCalendar();\r\n});\r\n\r\n\/\/ Validation function for Qualtrics\r\nQualtrics.SurveyEngine.addOnPageSubmit(function(type) {\r\n    if (type == \"next\") {\r\n        \/\/ Check if calendar is complete\r\n        const isComplete = Qualtrics.SurveyEngine.getEmbeddedData('childcareScheduleComplete');\r\n        \r\n        if (isComplete !== 'true') {\r\n            \/\/ Show validation message\r\n            document.getElementById('validationMessage').style.display = 'block';\r\n            \r\n            \/\/ Scroll to validation message\r\n            document.getElementById('validationMessage').scrollIntoView({ \r\n                behavior: 'smooth', \r\n                block: 'center' \r\n            });\r\n            \r\n            \/\/ Prevent page submission\r\n            return false;\r\n        }\r\n    }\r\n});","DefaultChoices":false,"DataExportTag":"Q5","QuestionType":"DB","Selector":"TB","DataVisibility":{"Private":false,"Hidden":false},"Configuration":{"QuestionDescriptionOption":"UseText"},"QuestionDescription":"#childcare-calendar-container { font-family: Arial, sans-serif; max-width: 1200px; margin: 0 aut...","ChoiceOrder":[],"Validation":{"Settings":{"Type":"None"}},"GradingData":[],"Language":[],"NextChoiceId":4,"NextAnswerId":1,"QuestionID":"QID5"}},{"SurveyID":"SV_3HK9Rx5rUugGZ4q","Element":"SQ","PrimaryAttribute":"QID6","SecondaryAttribute":"Weekly Childcare Schedule Please indicate where your child was during each hour of the past week....","TertiaryAttribute":null,"Payload":{"QuestionText":"<div id=\"childcare-calendar-container\">\n    <style>\n        #childcare-calendar-container {\n            font-family: Arial, sans-serif;\n            max-width: 1200px;\n            margin: 0 auto;\n            background: white;\n            padding: 20px;\n            border-radius: 8px;\n            box-shadow: 0 2px 10px rgba(0,0,0,0.1);\n        }\n\n        .calendar-header {\n            text-align: center;\n            margin-bottom: 20px;\n        }\n\n        .calendar-header h2 {\n            color: #333;\n            margin-bottom: 10px;\n        }\n\n        .instructions {\n            background-color: #e8f4fd;\n            padding: 15px;\n            border-radius: 5px;\n            margin-bottom: 20px;\n            border-left: 4px solid #2196F3;\n        }\n\n        .provider-palette {\n            margin-bottom: 20px;\n            padding: 15px;\n            background-color: #f9f9f9;\n            border-radius: 5px;\n        }\n\n        .provider-palette h3 {\n            margin-top: 0;\n            color: #333;\n        }\n\n        .provider-buttons {\n            display: flex;\n            flex-wrap: wrap;\n            gap: 10px;\n        }\n\n        .provider-btn {\n            padding: 8px 16px;\n            border: 2px solid #ddd;\n            border-radius: 5px;\n            cursor: pointer;\n            background: white;\n            transition: all 0.2s;\n            font-size: 14px;\n        }\n\n        .provider-btn:hover {\n            transform: translateY(-1px);\n            box-shadow: 0 2px 5px rgba(0,0,0,0.2);\n        }\n\n        .provider-btn.active {\n            border-color: #333;\n            font-weight: bold;\n        }\n\n        .eraser-btn {\n            background-color: #ff6b6b !important;\n            color: white;\n            border-color: #ff6b6b !important;\n        }\n\n        .calendar-grid {\n            border-collapse: collapse;\n            width: 100%;\n            margin-bottom: 20px;\n            font-size: 12px;\n        }\n\n        .calendar-grid th,\n        .calendar-grid td {\n            border: 1px solid #ddd;\n            text-align: center;\n            padding: 0;\n            width: 14.28%;\n        }\n\n        .calendar-grid th {\n            background-color: #f8f9fa;\n            padding: 10px;\n            font-weight: bold;\n            color: #333;\n            white-space: pre-wrap; \/* Allows text to wrap and show two lines *\/\n        }\n\n        .time-label {\n            background-color: #f8f9fa !important;\n            font-weight: bold;\n            padding: 8px !important;\n            width: 80px !important;\n            min-width: 80px;\n        }\n\n        .time-slot {\n            height: 30px;\n            cursor: pointer;\n            transition: all 0.1s;\n            user-select: none;\n            position: relative;\n        }\n\n        .time-slot:hover {\n            opacity: 0.8;\n            transform: scale(1.05);\n        }\n\n        .time-slot.unassigned {\n            background-color: #ffffff;\n        }\n\n        .controls {\n            text-align: center;\n            margin-top: 20px;\n        }\n\n        .control-btn {\n            padding: 10px 20px;\n            margin: 0 10px;\n            border: none;\n            border-radius: 5px;\n            cursor: pointer;\n            font-size: 16px;\n            transition: all 0.2s;\n        }\n\n        .clear-btn {\n            background-color: #ff6b6b;\n            color: white;\n        }\n\n        .clear-btn:hover {\n            background-color: #ff5252;\n        }\n\n        .progress-info {\n            margin-top: 15px;\n            padding: 10px;\n            background-color: #f0f8ff;\n            border-radius: 5px;\n            text-align: center;\n        }\n\n        .progress-bar {\n            width: 100%;\n            height: 20px;\n            background-color: #e0e0e0;\n            border-radius: 10px;\n            overflow: hidden;\n            margin: 10px 0;\n        }\n\n        .progress-fill {\n            height: 100%;\n            background-color: #4CAF50;\n            transition: width 0.3s ease;\n            width: 0%;\n        }\n\n        .validation-message {\n            background-color: #fff3cd;\n            border: 1px solid #ffeaa7;\n            color: #856404;\n            padding: 10px;\n            border-radius: 5px;\n            margin-top: 10px;\n            display: none;\n        }\n\n        \/* Provider colors - these will be dynamically generated in JS based on input *\/\n        \/* Add more specific classes as needed, or use inline styles for dynamic colors *\/\n    <\/style>\n\n    <div class=\"calendar-header\">\n        <h2>Weekly Childcare Schedule<\/h2>\n        <p>Please indicate where your child was during each hour of the past week.<\/p>\n    <\/div>\n\n    <div class=\"instructions\">\n        <strong>Instructions:<\/strong>\n        <ol>\n            <li>First, select a childcare provider from the palette below<\/li>\n            <li>Click and drag on the calendar to \"paint\" the time slots when your child was with that provider<\/li>\n            <li>Use the eraser to remove assignments<\/li>\n            <li>Fill in ALL time slots before proceeding to the next question<\/li>\n        <\/ol>\n    <\/div>\n\n    <div class=\"provider-palette\">\n        <h3>Select Childcare Provider:<\/h3>\n        <div class=\"provider-buttons\" id=\"providerButtons\">\n            \n        <\/div>\n    <\/div>\n\n    <table class=\"calendar-grid\" id=\"calendarGrid\">\n        <thead>\n            <tr id=\"calendarHeaderRow\">\n                <th class=\"time-label\">Time<\/th>\n                \n            <\/tr>\n        <\/thead>\n        <tbody id=\"calendarBody\">\n            \n        <\/tbody>\n    <\/table>\n\n    <div class=\"progress-info\">\n        <div>Progress: <span id=\"progressText\">0 of 119 time slots filled<\/span><\/div>\n        <div class=\"progress-bar\">\n            <div class=\"progress-fill\" id=\"progressFill\"><\/div>\n        <\/div>\n    <\/div>\n\n    <div class=\"validation-message\" id=\"validationMessage\">\n        Please fill in all time slots before proceeding to the next question.\n    <\/div>\n\n    <div class=\"controls\">\n        <button class=\"control-btn clear-btn\" onclick=\"clearAllCalendar()\">Clear All<\/button>\n    <\/div>\n<\/div>","QuestionJS":"Qualtrics.SurveyEngine.addOnload(function() {\n    \/\/ Configuration\n    const HOURS = [\n        '06:00', '07:00', '08:00', '09:00', '10:00', '11:00',\n        '12:00', '13:00', '14:00', '15:00', '16:00', '17:00',\n        '18:00', '19:00', '20:00', '21:00', '22:00'\n    ];\n\n    \/\/ Global state\n    let providers = []; \/\/ This will be populated dynamically\n    let activeProvider = null;\n    let isMouseDown = false;\n    let calendarData = {};\n    let totalSlots = 0;\n    let calendarDays = []; \/\/ This will store the last 7 days\n\n    \/\/ Helper function to format dates\n    function formatDate(date) {\n        const options = { weekday: 'long', month: 'short', day: 'numeric' };\n        return date.toLocaleDateString('en-US', options);\n    }\n\n    \/\/ Generate the last 7 days, with today as the last day\n    function generateCalendarDays() {\n        calendarDays = [];\n        const today = new Date();\n        today.setHours(0, 0, 0, 0); \/\/ Normalize to start of day\n\n        for (let i = 6; i >= 0; i--) {\n            const d = new Date(today);\n            d.setDate(today.getDate() - i);\n            calendarDays.push({\n                date: d.toISOString().split('T')[0], \/\/ YYYY-MM-DD format for data key\n                label: d.toLocaleDateString('en-US', { weekday: 'long' }) + '\\n' + d.toLocaleDateString('en-US', { month: 'short', day: 'numeric' })\n            });\n        }\n        totalSlots = HOURS.length * calendarDays.length;\n    }\n\n    \/\/ Initialize calendar data structure\n    function initializeCalendarData() {\n        calendarData = {};\n        calendarDays.forEach(day => {\n            calendarData[day.date] = {};\n            HOURS.forEach(hour => {\n                calendarData[day.date][hour] = null;\n            });\n        });\n    }\n\n    \/\/ Generate provider buttons\n    function generateProviderButtons() {\n        const container = document.getElementById('providerButtons');\n        container.innerHTML = '';\n\n        providers.forEach(provider => {\n            const button = document.createElement('button');\n            button.className = 'provider-btn';\n            \/\/ Use inline style for dynamic colors\n            button.style.backgroundColor = provider.color || getRandomColor(); \n            button.textContent = provider.name;\n            button.onclick = () => selectProvider(provider.id);\n            button.id = `provider-${provider.id}`;\n            container.appendChild(button);\n        });\n\n        \/\/ Add eraser button\n        const eraserBtn = document.createElement('button');\n        eraserBtn.className = 'provider-btn eraser-btn';\n        eraserBtn.textContent = 'Eraser';\n        eraserBtn.onclick = () => selectProvider('eraser');\n        eraserBtn.id = 'provider-eraser';\n        container.appendChild(eraserBtn);\n    }\n\n    \/\/ Generate a random color for providers without a predefined color\n    function getRandomColor() {\n        const colors = ['#FFDDC1', '#B0E0E6', '#D8BFD8', '#F0E68C', '#FFB6C1', '#98FB98', '#DDA0DD', '#F5DEB3'];\n        return colors[Math.floor(Math.random() * colors.length)];\n    }\n\n    \/\/ Generate calendar grid\n    function generateCalendarGrid() {\n        const headerRow = document.getElementById('calendarHeaderRow');\n        const tbody = document.getElementById('calendarBody');\n        tbody.innerHTML = '';\n\n        \/\/ Clear existing headers except the first (Time label)\n        while (headerRow.children.length > 1) {\n            headerRow.removeChild(headerRow.lastChild);\n        }\n\n        \/\/ Add dynamic day headers\n        calendarDays.forEach(day => {\n            const th = document.createElement('th');\n            th.innerHTML = day.label.replace(\/\\n\/g, '<br>'); \/\/ Use <br> for new line\n            headerRow.appendChild(th);\n        });\n\n        HOURS.forEach(hour => {\n            const row = document.createElement('tr');\n            \n            \/\/ Time label\n            const timeCell = document.createElement('td');\n            timeCell.className = 'time-label';\n            timeCell.textContent = hour;\n            row.appendChild(timeCell);\n\n            \/\/ Day cells\n            calendarDays.forEach(day => {\n                const cell = document.createElement('td');\n                cell.className = 'time-slot unassigned';\n                cell.id = `${day.date}-${hour}`;\n                cell.dataset.date = day.date;\n                cell.dataset.hour = hour;\n                \n                \/\/ Mouse events for painting\n                cell.addEventListener('mousedown', handleMouseDown);\n                cell.addEventListener('mouseover', handleMouseOver);\n                cell.addEventListener('mouseup', handleMouseUp);\n                \n                row.appendChild(cell);\n            });\n\n            tbody.appendChild(row);\n        });\n    }\n\n    \/\/ Select provider\n    function selectProvider(providerId) {\n        \/\/ Remove active class from all buttons\n        document.querySelectorAll('.provider-btn').forEach(btn => {\n            btn.classList.remove('active');\n        });\n\n        \/\/ Add active class to selected button\n        const selectedBtn = document.getElementById(`provider-${providerId}`);\n        if (selectedBtn) {\n            selectedBtn.classList.add('active');\n        }\n\n        activeProvider = providerId;\n    }\n\n    \/\/ Mouse event handlers\n    function handleMouseDown(event) {\n        event.preventDefault();\n        if (!activeProvider) {\n            alert('Please select a childcare provider first!');\n            return;\n        }\n        \n        isMouseDown = true;\n        paintCell(event.target);\n    }\n\n    function handleMouseOver(event) {\n        if (isMouseDown) {\n            paintCell(event.target);\n        }\n    }\n\n    function handleMouseUp(event) {\n        isMouseDown = false;\n    }\n\n    \/\/ Paint cell with active provider\n    function paintCell(cell) {\n        if (!cell.dataset.date || !cell.dataset.hour) return;\n\n        const date = cell.dataset.date;\n        const hour = cell.dataset.hour;\n\n        \/\/ Remove all provider classes and inline styles\n        cell.className = 'time-slot'; \/\/ Reset classes\n        cell.style.backgroundColor = ''; \/\/ Clear inline background color\n\n        if (activeProvider === 'eraser') {\n            \/\/ Erase the cell\n            cell.classList.add('unassigned');\n            calendarData[date][hour] = null;\n        } else {\n            \/\/ Paint with selected provider\n            const provider = providers.find(p => p.id === activeProvider);\n            if (provider) {\n                cell.style.backgroundColor = provider.color || getRandomColor();\n                calendarData[date][hour] = provider.id;\n            }\n        }\n\n        updateProgress();\n        updateQualtricsData();\n    }\n\n    \/\/ Update progress indicator\n    function updateProgress() {\n        let filledSlots = 0;\n        calendarDays.forEach(day => {\n            HOURS.forEach(hour => {\n                if (calendarData[day.date][hour] !== null) {\n                    filledSlots++;\n                }\n            });\n        });\n\n        const percentage = (filledSlots \/ totalSlots) * 100;\n        document.getElementById('progressText').textContent = `${filledSlots} of ${totalSlots} time slots filled`;\n        document.getElementById('progressFill').style.width = `${percentage}%`;\n    }\n\n    \/\/ Update Qualtrics embedded data\n    function updateQualtricsData() {\n        const output = {\n            timestamp: new Date().toISOString(),\n            providers: providers,\n            schedule: calendarData,\n            summary: generateSummary()\n        };\n\n        \/\/ Set embedded data in Qualtrics\n        Qualtrics.SurveyEngine.setEmbeddedData('childcareSchedule', JSON.stringify(output));\n        Qualtrics.SurveyEngine.setEmbeddedData('childcareScheduleComplete', isCalendarComplete());\n    }\n\n    \/\/ Clear all assignments\n    window.clearAllCalendar = function() {\n        if (confirm('Are you sure you want to clear all assignments?')) {\n            initializeCalendarData();\n            \n            \/\/ Reset all cells to unassigned\n            document.querySelectorAll('.time-slot').forEach(cell => {\n                cell.className = 'time-slot unassigned';\n                cell.style.backgroundColor = '';\n            });\n\n            updateProgress();\n            updateQualtricsData();\n        }\n    }\n\n    \/\/ Generate summary statistics\n    function generateSummary() {\n        const summary = {};\n        providers.forEach(provider => {\n            summary[provider.id] = 0;\n        });\n\n        calendarDays.forEach(day => {\n            HOURS.forEach(hour => {\n                const providerId = calendarData[day.date][hour];\n                if (providerId && summary.hasOwnProperty(providerId)) {\n                    summary[providerId]++;\n                }\n            });\n        });\n\n        return summary;\n    }\n\n    \/\/ Function to validate completion\n    function isCalendarComplete() {\n        let filledSlots = 0;\n        calendarDays.forEach(day => {\n            HOURS.forEach(hour => {\n                if (calendarData[day.date][hour] !== null) {\n                    filledSlots++;\n                }\n            });\n        });\n        return filledSlots === totalSlots;\n    }\n\n    \/\/ Prevent context menu on calendar\n    document.addEventListener('contextmenu', function(e) {\n        if (e.target.classList.contains('time-slot')) {\n            e.preventDefault();\n        }\n    });\n\n    \/\/ Prevent text selection during painting\n    document.addEventListener('selectstart', function(e) {\n        if (e.target.classList.contains('time-slot')) {\n            e.preventDefault();\n        }\n    });\n\n    \/\/ Global mouse up handler to stop painting\n    document.addEventListener('mouseup', function() {\n        isMouseDown = false;\n    });\n\n    \/\/ Initialize the calendar\n    function initializeCalendar() {\n        \/\/ Qualtrics embedded data for providers\n        \/\/ Expecting input from a Text Entry question with multiple inputs (e.g., QID1_1_TEXT, QID1_2_TEXT, QID1_3_TEXT)\n        \/\/ IMPORTANT: Replace 'QID1' with your actual Question ID for the childcare arrangements question.\n        const qid = 'QID1'; \/\/ <--- REPLACE THIS WITH YOUR ACTUAL QID\n        const maxInputs = 3; \/\/ Adjust this based on how many input fields you have in your form field question\n        let providerNames = [];\n\n        \/\/ Attempt to get values directly from the DOM elements generated by Qualtrics for form fields.\n        \/\/ Qualtrics often assigns IDs like QR~QIDx~y~TEXT for text entry fields within a form field question.\n        for (let i = 1; i <= maxInputs; i++) {\n            let inputElement = document.getElementById(`QR~${qid}~${i}~TEXT`);\n            if (inputElement && inputElement.value.trim() !== '') {\n                providerNames.push(inputElement.value.trim());\n            }\n        }\n\n        \/\/ Fallback: If direct DOM access doesn't yield results (e.g., due to different Qualtrics version\/setup),\n        \/\/ try to use piped text. This is less reliable for dynamic form fields but included as a backup.\n        if (providerNames.length === 0) {\n            for (let i = 1; i <= maxInputs; i++) {\n                \/\/ Using traditional string concatenation for piped text to avoid 'Unexpected token ILLEGAL' error\n                let pipedTextValue = \"${q:\/\/QID\" + qid + \"\/ChoiceTextEntryValue\/\" + i + \"}\".trim();\n                if (pipedTextValue && pipedTextValue !== '') {\n                    providerNames.push(pipedTextValue);\n                }\n            }\n        }\n\n        if (providerNames.length > 0) {\n            providers = providerNames.map(name => ({\n                id: name.toLowerCase().replace(\/[^a-z0-9]\/g, ''), \/\/ Simple ID generation\n                name: name,\n                color: getRandomColor() \/\/ Assign a random color\n            }));\n        } else {\n            \/\/ Default providers if no input from Qualtrics or if input is empty\n            providers = [\n                { id: 'myself', name: 'Myself', color: '#FFDDC1' },\n                { id: 'sitter', name: 'Sitter', color: '#B0E0E6' },\n                { id: 'daycarecenter', name: 'Daycare Center', color: '#D8BFD8' }\n            ];\n        }\n\n        generateCalendarDays();\n        initializeCalendarData();\n        generateProviderButtons();\n        generateCalendarGrid();\n        updateProgress();\n        \n        \/\/ Auto-select first provider if available\n        if (providers.length > 0) {\n            selectProvider(providers[0].id);\n        }\n        \n        \/\/ Initial data update\n        updateQualtricsData();\n    }\n\n    \/\/ Initialize when page loads\n    initializeCalendar();\n});\n\n\/\/ Validation function for Qualtrics\nQualtrics.SurveyEngine.addOnPageSubmit(function(type) {\n    if (type == \"next\") {\n        \/\/ Check if calendar is complete\n        const isComplete = Qualtrics.SurveyEngine.getEmbeddedData('childcareScheduleComplete');\n        \n        if (isComplete !== 'true') {\n            \/\/ Show validation message\n            document.getElementById('validationMessage').style.display = 'block';\n            \n            \/\/ Scroll to validation message\n            document.getElementById('validationMessage').scrollIntoView({\n                behavior: 'smooth',\n                block: 'center'\n            });\n            \n            \/\/ Prevent page submission\n            return false;\n        }\n    }\n});","DefaultChoices":false,"DataExportTag":"QID2","QuestionID":"QID6","QuestionType":"DB","Selector":"TB","DataVisibility":{"Private":false,"Hidden":false},"Configuration":{"QuestionDescriptionOption":"UseText"},"QuestionDescription":"Weekly Childcare Schedule Please indicate where your child was during each hour of the past week....","ChoiceOrder":[],"Validation":{"Settings":{"Type":"None"}},"GradingData":[],"Language":[],"NextChoiceId":4,"NextAnswerId":1}},{"SurveyID":"SV_3HK9Rx5rUugGZ4q","Element":"SQ","PrimaryAttribute":"QID7","SecondaryAttribute":"Do you have a child younger than 5 years old?","TertiaryAttribute":null,"Payload":{"QuestionText":"Do you have a child younger than 5 years old?","DefaultChoices":false,"DataExportTag":"scre_child_u5","QuestionType":"MC","Selector":"SAVR","SubSelector":"TX","DataVisibility":{"Private":false,"Hidden":false},"Configuration":{"QuestionDescriptionOption":"UseText"},"QuestionDescription":"Do you have a child younger than 5 years old?","Choices":{"1":{"Display":"Yes"},"2":{"Display":"No"},"3":{"Display":"Click to write Choice 3"}},"ChoiceOrder":["1","2","3"],"Validation":{"Settings":{"ForceResponse":"OFF","Type":"None"}},"GradingData":[],"Language":[],"NextChoiceId":4,"NextAnswerId":1,"QuestionID":"QID7"}},{"SurveyID":"SV_3HK9Rx5rUugGZ4q","Element":"SQ","PrimaryAttribute":"QID8","SecondaryAttribute":"Are you currently on a waitlist to secure a spot at a childcare facility or provider?","TertiaryAttribute":null,"Payload":{"QuestionText":"Are you currently on a waitlist to secure a spot at a childcare facility or provider?","DefaultChoices":false,"DataExportTag":"scre_waitlist","QuestionType":"MC","Selector":"SAVR","SubSelector":"TX","DataVisibility":{"Private":false,"Hidden":false},"Configuration":{"QuestionDescriptionOption":"UseText"},"QuestionDescription":"Are you currently on a waitlist to secure a spot at a childcare facility or provider?","Choices":{"1":{"Display":"Yes"},"2":{"Display":"No"},"3":{"Display":"Click to write Choice 3"}},"ChoiceOrder":["1","2","3"],"Validation":{"Settings":{"ForceResponse":"OFF","Type":"None"}},"GradingData":[],"Language":[],"NextChoiceId":4,"NextAnswerId":1,"QuestionID":"QID8"}},{"SurveyID":"SV_3HK9Rx5rUugGZ4q","Element":"SQ","PrimaryAttribute":"QID9","SecondaryAttribute":"Are you 18 years of age or older?","TertiaryAttribute":null,"Payload":{"QuestionText":"Are you 18 years of age or older?","DefaultChoices":false,"DataExportTag":"scre_18yo","QuestionType":"MC","Selector":"SAVR","SubSelector":"TX","DataVisibility":{"Private":false,"Hidden":false},"Configuration":{"QuestionDescriptionOption":"UseText"},"QuestionDescription":"Are you 18 years of age or older?","Choices":{"1":{"Display":"Yes"},"2":{"Display":"No"},"3":{"Display":"Click to write Choice 3"}},"ChoiceOrder":["1","2","3"],"Validation":{"Settings":{"ForceResponse":"OFF","Type":"None"}},"GradingData":[],"Language":[],"NextChoiceId":4,"NextAnswerId":1,"QuestionID":"QID9"}},{"SurveyID":"SV_3HK9Rx5rUugGZ4q","Element":"STAT","PrimaryAttribute":"Survey Statistics","SecondaryAttribute":null,"TertiaryAttribute":null,"Payload":{"MobileCompatible":true,"ID":"Survey Statistics"}}]}